
Microsoft Visual Studio Solution File, Format Version 12.00
# Visual Studio Version 17
VisualStudioVersion = 17.3.32901.215
MinimumVisualStudioVersion = 10.0.40219.1
Project("{8BC9CEB8-8B4A-11D0-8D11-00A0C91BC942}") = "HealthApp", "HealthApp.vcxproj", "{4E0C182C-0459-4A18-97E5-3D911E003D8A}"
EndProject
Project("{8BC9CEB8-8B4A-11D0-8D11-00A0C91BC942}") = "UnitTest1", "..\UnitTest1\UnitTest1.vcxproj", "{3CC1BEB0-AD9A-41C7-A5F3-267648A0087F}"
EndProject
Global
	GlobalSection(SolutionConfigurationPlatforms) = preSolution
		Debug|x64 = Debug|x64
		Debug|x86 = Debug|x86
		Release|x64 = Release|x64
		Release|x86 = Release|x86
	EndGlobalSection
	GlobalSection(ProjectConfigurationPlatforms) = postSolution
		{4E0C182C-0459-4A18-97E5-3D911E003D8A}.Debug|x64.ActiveCfg = Debug|x64
		{4E0C182C-0459-4A18-97E5-3D911E003D8A}.Debug|x64.Build.0 = Debug|x64
		{4E0C182C-0459-4A18-97E5-3D911E003D8A}.Debug|x86.ActiveCfg = Debug|Win32
		{4E0C182C-0459-4A18-97E5-3D911E003D8A}.Debug|x86.Build.0 = Debug|Win32
		{4E0C182C-0459-4A18-97E5-3D911E003D8A}.Release|x64.ActiveCfg = Release|x64
		{4E0C182C-0459-4A18-97E5-3D911E003D8A}.Release|x64.Build.0 = Release|x64
		{4E0C182C-0459-4A18-97E5-3D911E003D8A}.Release|x86.ActiveCfg = Release|Win32
		{4E0C182C-0459-4A18-97E5-3D911E003D8A}.Release|x86.Build.0 = Release|Win32
		{3CC1BEB0-AD9A-41C7-A5F3-267648A0087F}.Debug|x64.ActiveCfg = Debug|x64
		{3CC1BEB0-AD9A-41C7-A5F3-267648A0087F}.Debug|x64.Build.0 = Debug|x64
		{3CC1BEB0-AD9A-41C7-A5F3-267648A0087F}.Debug|x86.ActiveCfg = Debug|Win32
		{3CC1BEB0-AD9A-41C7-A5F3-267648A0087F}.Debug|x86.Build.0 = Debug|Win32
		{3CC1BEB0-AD9A-41C7-A5F3-267648A0087F}.Release|x64.ActiveCfg = Release|x64
		{3CC1BEB0-AD9A-41C7-A5F3-267648A0087F}.Release|x64.Build.0 = Release|x64
		{3CC1BEB0-AD9A-41C7-A5F3-267648A0087F}.Release|x86.ActiveCfg = Release|Win32
		{3CC1BEB0-AD9A-41C7-A5F3-267648A0087F}.Release|x86.Build.0 = Release|Win32
	EndGlobalSection
	GlobalSection(SolutionProperties) = preSolution
		HideSolutionNode = FALSE
	EndGlobalSection
	GlobalSection(ExtensibilityGlobals) = postSolution
		SolutionGuid = {0A3B13A7-2F39-46D9-90F4-51E850988AC1}
	EndGlobalSection
EndGlobal
